
Microsoft Visual Studio Solution File, Format Version 12.00
# Visual Studio Version 17
VisualStudioVersion = 17.1.32210.238
MinimumVisualStudioVersion = 10.0.40219.1
Project("{FAE04EC0-301F-11D3-BF4B-00C04F79EFBC}") = "OOP1", "OOP1\OOP1.csproj", "{83409783-519A-49FF-87D6-E4B8B463FDD2}"
EndProject
Project("{FAE04EC0-301F-11D3-BF4B-00C04F79EFBC}") = "Koleksiyonlar", "Koleksiyonlar\Koleksiyonlar.csproj", "{CE7C2C09-B1CB-4EE4-8C87-D5643925D8DC}"
EndProject
Global
	GlobalSection(SolutionConfigurationPlatforms) = preSolution
		Debug|Any CPU = Debug|Any CPU
		Release|Any CPU = Release|Any CPU
	EndGlobalSection
	GlobalSection(ProjectConfigurationPlatforms) = postSolution
		{83409783-519A-49FF-87D6-E4B8B463FDD2}.Debug|Any CPU.ActiveCfg = Debug|Any CPU
		{83409783-519A-49FF-87D6-E4B8B463FDD2}.Debug|Any CPU.Build.0 = Debug|Any CPU
		{83409783-519A-49FF-87D6-E4B8B463FDD2}.Release|Any CPU.ActiveCfg = Release|Any CPU
		{83409783-519A-49FF-87D6-E4B8B463FDD2}.Release|Any CPU.Build.0 = Release|Any CPU
		{CE7C2C09-B1CB-4EE4-8C87-D5643925D8DC}.Debug|Any CPU.ActiveCfg = Debug|Any CPU
		{CE7C2C09-B1CB-4EE4-8C87-D5643925D8DC}.Debug|Any CPU.Build.0 = Debug|Any CPU
		{CE7C2C09-B1CB-4EE4-8C87-D5643925D8DC}.Release|Any CPU.ActiveCfg = Release|Any CPU
		{CE7C2C09-B1CB-4EE4-8C87-D5643925D8DC}.Release|Any CPU.Build.0 = Release|Any CPU
	EndGlobalSection
	GlobalSection(SolutionProperties) = preSolution
		HideSolutionNode = FALSE
	EndGlobalSection
	GlobalSection(ExtensibilityGlobals) = postSolution
		SolutionGuid = {7AB9A824-79AF-44E0-83D9-699975A826D6}
	EndGlobalSection
EndGlobal
